
Microsoft Visual Studio Solution File, Format Version 12.00
# Visual Studio Version 17
VisualStudioVersion = 17.0.32014.148
MinimumVisualStudioVersion = 10.0.40219.1
Project("{9A19103F-16F7-4668-BE54-9A1E7A4F7556}") = "MakeupManageStore", "WatchManageStore\MakeupManageStore.csproj", "{99AF6EC0-912E-487E-B892-8305F95E2ACF}"
EndProject
Project("{9A19103F-16F7-4668-BE54-9A1E7A4F7556}") = "EmailService", "EmailService\EmailService.csproj", "{286257E4-6381-4360-8DA1-6BF8D755601C}"
EndProject
Global
	GlobalSection(SolutionConfigurationPlatforms) = preSolution
		Debug|Any CPU = Debug|Any CPU
		Release|Any CPU = Release|Any CPU
	EndGlobalSection
	GlobalSection(ProjectConfigurationPlatforms) = postSolution
		{99AF6EC0-912E-487E-B892-8305F95E2ACF}.Debug|Any CPU.ActiveCfg = Debug|Any CPU
		{99AF6EC0-912E-487E-B892-8305F95E2ACF}.Debug|Any CPU.Build.0 = Debug|Any CPU
		{99AF6EC0-912E-487E-B892-8305F95E2ACF}.Release|Any CPU.ActiveCfg = Release|Any CPU
		{99AF6EC0-912E-487E-B892-8305F95E2ACF}.Release|Any CPU.Build.0 = Release|Any CPU
		{286257E4-6381-4360-8DA1-6BF8D755601C}.Debug|Any CPU.ActiveCfg = Debug|Any CPU
		{286257E4-6381-4360-8DA1-6BF8D755601C}.Debug|Any CPU.Build.0 = Debug|Any CPU
		{286257E4-6381-4360-8DA1-6BF8D755601C}.Release|Any CPU.ActiveCfg = Release|Any CPU
		{286257E4-6381-4360-8DA1-6BF8D755601C}.Release|Any CPU.Build.0 = Release|Any CPU
	EndGlobalSection
	GlobalSection(SolutionProperties) = preSolution
		HideSolutionNode = FALSE
	EndGlobalSection
	GlobalSection(ExtensibilityGlobals) = postSolution
		SolutionGuid = {20E200F6-AEDB-40C7-A565-DB647423242C}
	EndGlobalSection
EndGlobal
